
Microsoft Visual Studio Solution File, Format Version 12.00
# Visual Studio Version 17
VisualStudioVersion = 17.11.35222.181
MinimumVisualStudioVersion = 10.0.40219.1
Project("{FAE04EC0-301F-11D3-BF4B-00C04F79EFBC}") = "storeMVC", "storeMVC\storeMVC.csproj", "{C35CA11A-467E-4A5B-B2AD-7E30B98F6E5C}"
EndProject
Global
	GlobalSection(SolutionConfigurationPlatforms) = preSolution
		Debug|Any CPU = Debug|Any CPU
		Release|Any CPU = Release|Any CPU
	EndGlobalSection
	GlobalSection(ProjectConfigurationPlatforms) = postSolution
		{C35CA11A-467E-4A5B-B2AD-7E30B98F6E5C}.Debug|Any CPU.ActiveCfg = Debug|Any CPU
		{C35CA11A-467E-4A5B-B2AD-7E30B98F6E5C}.Debug|Any CPU.Build.0 = Debug|Any CPU
		{C35CA11A-467E-4A5B-B2AD-7E30B98F6E5C}.Release|Any CPU.ActiveCfg = Release|Any CPU
		{C35CA11A-467E-4A5B-B2AD-7E30B98F6E5C}.Release|Any CPU.Build.0 = Release|Any CPU
	EndGlobalSection
	GlobalSection(SolutionProperties) = preSolution
		HideSolutionNode = FALSE
	EndGlobalSection
	GlobalSection(ExtensibilityGlobals) = postSolution
		SolutionGuid = {5DF96F78-D698-43D9-AA83-F8CEC2134412}
	EndGlobalSection
EndGlobal
